# This file is automatically @generated by Poetry 1.4.2 and should not be changed by hand.

[[package]]
name = "polars"
version = "0.17.14"
description = "Blazingly fast DataFrame library"
category = "main"
optional = false
python-versions = ">=3.7"
files = [
    {file = "polars-0.17.14-cp37-abi3-macosx_10_7_x86_64.whl", hash = "sha256:e5168ea386c80c56d200494801a6c2d2d9de5aad9ef100af4a89c96efc650344"},
    {file = "polars-0.17.14-cp37-abi3-macosx_11_0_arm64.whl", hash = "sha256:5c36db9139ca44a755796cf14a447c431d21df78a4b4674143b47fb84f2608c3"},
    {file = "polars-0.17.14-cp37-abi3-manylinux_2_17_aarch64.manylinux2014_aarch64.whl", hash = "sha256:369e8d11ff1a5b4f2a3e44d58d53404c891f2d633b9f956229684e4f157a24c8"},
    {file = "polars-0.17.14-cp37-abi3-manylinux_2_17_x86_64.manylinux2014_x86_64.whl", hash = "sha256:f5dd11a234e790f203dec8f100e61d250867371310e17e95c1d9ebbac91fdc9e"},
    {file = "polars-0.17.14-cp37-abi3-win_amd64.whl", hash = "sha256:c3e40081081cb4d34e368bf7152c745b27703e51d92f25e16c484647329720ef"},
    {file = "polars-0.17.14.tar.gz", hash = "sha256:edc62954f4cc7d3425ad315c4692657b259f629a7095cec9fecaecfbfe63969e"},
]

[package.extras]
all = ["polars[connectorx,deltalake,fsspec,matplotlib,numpy,pandas,pyarrow,sqlalchemy,timezone,xlsx2csv,xlsxwriter]"]
connectorx = ["connectorx"]
deltalake = ["deltalake (>=0.8.0)"]
fsspec = ["fsspec"]
matplotlib = ["matplotlib"]
numpy = ["numpy (>=1.16.0)"]
pandas = ["pandas", "pyarrow (>=7.0.0)"]
pyarrow = ["pyarrow (>=7.0.0)"]
sqlalchemy = ["pandas", "sqlalchemy"]
timezone = ["backports.zoneinfo", "tzdata"]
xlsx2csv = ["xlsx2csv (>=0.8.0)"]
xlsxwriter = ["xlsxwriter"]

[[package]]
name = "pynmea2"
version = "1.19.0"
description = "Python library for the NMEA 0183 protcol"
category = "main"
optional = false
python-versions = "*"
files = [
    {file = "pynmea2-1.19.0-py3-none-any.whl", hash = "sha256:5138558b4fb5daa587b2c17de99eb43df0297039de1c98010c996624abfb00eb"},
    {file = "pynmea2-1.19.0.tar.gz", hash = "sha256:1daa79b93279f887d1c235e5cc5c79e32644564138ce46989ab0f4a2fc970d7c"},
]

[[package]]
name = "pyserial"
version = "3.5"
description = "Python Serial Port Extension"
category = "main"
optional = false
python-versions = "*"
files = [
    {file = "pyserial-3.5-py2.py3-none-any.whl", hash = "sha256:c4451db6ba391ca6ca299fb3ec7bae67a5c55dde170964c7a14ceefec02f2cf0"},
    {file = "pyserial-3.5.tar.gz", hash = "sha256:3c77e014170dfffbd816e6ffc205e9842efb10be9f58ec16d3e8675b4925cddb"},
]

[package.extras]
cp2110 = ["hidapi"]

[metadata]
lock-version = "2.0"
python-versions = "^3.8"
content-hash = "e620012db4171611e9affe7b0dfd60326e950cdeefb554f543c4e78c8d8ae97f"
